# This file is automatically @generated by Poetry 1.8.5 and should not be changed by hand.

[[package]]
name = "idna"
version = "3.4"
description = "Internationalized Domain Names in Applications (IDNA)"
optional = false
python-versions = ">=3.5"
files = [
    {file = "idna-3.4-py3-none-any.whl", hash = "sha256:90b77e79eaa3eba6de819a0c442c0b4ceefc341a7a2ab77d7562bf49f425c5c2"},
    {file = "idna-3.4.tar.gz", hash = "sha256:814f528e8dead7d329833b91c5faa87d60bf71824cd12a7530b5526063d02cb4"},
]

[metadata]
lock-version = "2.0"
python-versions = "^3.11"
content-hash = "eb8055e8080630e31b71621014ef68db240bbf44073de8dae0199f48ce5d182e"
